
Microsoft Visual Studio Solution File, Format Version 12.00
# Visual Studio 15
VisualStudioVersion = 15.0.28307.779
MinimumVisualStudioVersion = 10.0.40219.1
Project("{9A19103F-16F7-4668-BE54-9A1E7A4F7556}") = "MongoTest", "MongoTest\MongoTest.csproj", "{6BE03110-0D28-4B2F-AC13-3893AB372B9A}"
EndProject
Project("{2150E333-8FDC-42A3-9474-1A3956D46DE8}") = "Solution Items", "Solution Items", "{EFE9B3FC-81A6-4445-A319-87410AC4C645}"
	ProjectSection(SolutionItems) = preProject
		docker-compose.yml = docker-compose.yml
		Dockerfile = Dockerfile
		NuGet.Config = NuGet.Config
		TextFile1.txt = TextFile1.txt
		TextFile2.txt = TextFile2.txt
	EndProjectSection
EndProject
Global
	GlobalSection(SolutionConfigurationPlatforms) = preSolution
		Debug|Any CPU = Debug|Any CPU
		Release|Any CPU = Release|Any CPU
	EndGlobalSection
	GlobalSection(ProjectConfigurationPlatforms) = postSolution
		{6BE03110-0D28-4B2F-AC13-3893AB372B9A}.Debug|Any CPU.ActiveCfg = Debug|Any CPU
		{6BE03110-0D28-4B2F-AC13-3893AB372B9A}.Debug|Any CPU.Build.0 = Debug|Any CPU
		{6BE03110-0D28-4B2F-AC13-3893AB372B9A}.Release|Any CPU.ActiveCfg = Release|Any CPU
		{6BE03110-0D28-4B2F-AC13-3893AB372B9A}.Release|Any CPU.Build.0 = Release|Any CPU
	EndGlobalSection
	GlobalSection(SolutionProperties) = preSolution
		HideSolutionNode = FALSE
	EndGlobalSection
	GlobalSection(ExtensibilityGlobals) = postSolution
		SolutionGuid = {C10B7683-F4CA-4354-836E-BD0855EC43C5}
	EndGlobalSection
EndGlobal
